{
  "requires": true,
  "lockfileVersion": 1,
  "dependencies": {
    "typed-query-selector": {
      "version": "2.4.1",
      "resolved": "https://registry.npmjs.org/typed-query-selector/-/typed-query-selector-2.4.1.tgz",
      "integrity": "sha512-X6fx0EywD73wsH/w0X2YMqx9wiW99vIhN9nptTP+uvNB5wk0U3t1zzq50IFgdtxbwFP8Ap3N7k7BL2vmKJf4+g=="
    }
  }
}
